lockfileVersion: '9.0'

settings:
  autoInstallPeers: true
  excludeLinksFromLockfile: false

importers:

  .:
    dependencies:
      react-toastify:
        specifier: ^11.1.0
        version: 11.1.0(react-dom@19.3.0(react@19.3.0))(react@19.3.0)

packages:

  clsx@2.1.1:
    resolution: {integrity: sha512-eYm0QWBtUrBWZWG0d386OGAw16Z995PiOVo2B7bjWSbHedGl5e0ZWaq65kOGgUSNesEIDkB9ISbTg/JK9dhCZA==}
    engines: {node: '>=6'}

  react-dom@19.3.0:
    resolution: {integrity: sha512-JDk8dgif51OjFoDE70+OT9ICyYr+69HlmihNwp1+Nsfbna3t5sIiCa9ZJktDmQ4/1b/rn26hIAR2uYXDMr5r0Q==}
    peerDependencies:
      react: ^19.3.0

  react-toastify@11.1.0:
    resolution: {integrity: sha512-e9h23x3phN0wbFeB6yovmWp7lobzV4CaCH0LO8nVP6H7Y+3GbcLpIzMm9dJhcp1RXbpyfvjgpfXqO80QAmn7sg==}
    peerDependencies:
      react: ^18 || ^19
      react-dom: ^18 || ^19

  react@19.3.0:
    resolution: {integrity: sha512-E8LUcbtBWt20bbl2YoHfx4ZDBdxVTfOKtCZn9cDSJ4l6/nuoApcpIBcj47t2wZoVX8g2ZHuMHbiShgCR1T5Sog==}
    engines: {node: '>=0.10.0'}

  scheduler@0.28.0:
    resolution: {integrity: sha512-juorfCmIkIw8tT+p5BXSm6PJjQF/ycEYmKyzURCIt/RaZIhL+PulbQ9Yu2z1HdOJDdqDTlxA1+xKBmHXJsczAw==}

snapshots:

  clsx@2.1.1: {}

  react-dom@19.3.0(react@19.3.0):
    dependencies:
      react: 19.3.0
      scheduler: 0.28.0

  react-toastify@11.1.0(react-dom@19.3.0(react@19.3.0))(react@19.3.0):
    dependencies:
      clsx: 2.1.1
      react: 19.3.0
      react-dom: 19.3.0(react@19.3.0)

  react@19.3.0: {}

  scheduler@0.28.0: {}
